# Auto-generated by scripts/paper/build_configs.py
# condition=curtis_their env=unlock
defaults:
- override hydra/job_logging: colorlog
- override hydra/hydra_logging: colorlog
max_steps: 40
num_episodes: 3
seed: 0
gamma: 0.98
save_log: false
replay_path: None
actions: &id001
- 0
- 1
- 2
- 3
- 4
- 5
env_name: MyUnlockEnv-v0
env:
  _target_: uncertain_worms.environments.minigrid.minigrid_env.MinigridEnvironment
  fully_obs: false
  env_name: ${env_name}
agent:
  _target_: uncertain_worms.policies.partially_obs_planning_agent.LLMPartiallyObsPlanningAgent
  max_attempts: 50000
  num_particles: 10
  num_model_attempts: 5
  fully_obs: false
  env_code_path: environments/minigrid
  actions: *id001
  learn_transition: true
  learn_initial: true
  learn_reward: true
  learn_observation: true
  dataset_path: environments/minigrid/trajectory_data/MyUnlockEnv-v0_paper_N10.pkl
  env_description: Grid world with boundary walls and a locked door separating the
    map into two sections. A key is placed in the accessible section, and the goal
    is located behind the locked door. Agent starts in the initial section with random
    position and direction. The room layout is fixed, while agent start position,
    key position, and goal position VARY between episodes.
  empty_state:
    _target_: uncertain_worms.environments.minigrid.minigrid_env.minigrid_empty_state_gen
    env_name: ${env_name}
  empty_observation:
    _target_: uncertain_worms.environments.minigrid.minigrid_env.minigrid_empty_observation_gen
  planner:
    _target_: uncertain_worms.planners.PO_DAStar.PO_DAStar
    actions: *id001
    empty_observation:
      _target_: uncertain_worms.environments.minigrid.minigrid_env.minigrid_empty_observation_gen
    initial_model:
      _target_: uncertain_worms.structs.empty_initial_model_gen
    transition_model:
      _target_: uncertain_worms.structs.empty_transition_model_gen
    reward_model:
      _target_: uncertain_worms.structs.empty_reward_model_gen
    observation_model:
      _target_: uncertain_worms.structs.empty_observation_model_gen
    max_expansions: 5000
    lambda_coeff: 0.1
    entropy_coeff: 0.0
  num_online_model_attempts: 5
